
Microsoft Visual Studio Solution File, Format Version 12.00
# Visual Studio Version 17
VisualStudioVersion = 17.13.35931.197 d17.13
MinimumVisualStudioVersion = 10.0.40219.1
Project("{FAE04EC0-301F-11D3-BF4B-00C04F79EFBC}") = "TradingCompany.DAL", "TradingCompany.DAL.csproj", "{1F64EBB0-AE8B-4A84-902F-C1A1569A76F0}"
EndProject
Project("{FAE04EC0-301F-11D3-BF4B-00C04F79EFBC}") = "TradingCompany.DAL.Tests", "..\TradingCompany.DAL.Tests\TradingCompany.DAL.Tests.csproj", "{3A3272A4-52E9-4271-A06F-D060A5B12D43}"
EndProject
Project("{FAE04EC0-301F-11D3-BF4B-00C04F79EFBC}") = "TradingCompany.ConsoleApp", "..\TradingCompany.ConsoleApp\TradingCompany.ConsoleApp.csproj", "{B62C37D6-7728-4B31-818D-3E96ACA0EF00}"
EndProject
Global
	GlobalSection(SolutionConfigurationPlatforms) = preSolution
		Debug|Any CPU = Debug|Any CPU
		Release|Any CPU = Release|Any CPU
	EndGlobalSection
	GlobalSection(ProjectConfigurationPlatforms) = postSolution
		{1F64EBB0-AE8B-4A84-902F-C1A1569A76F0}.Debug|Any CPU.ActiveCfg = Debug|Any CPU
		{1F64EBB0-AE8B-4A84-902F-C1A1569A76F0}.Debug|Any CPU.Build.0 = Debug|Any CPU
		{1F64EBB0-AE8B-4A84-902F-C1A1569A76F0}.Release|Any CPU.ActiveCfg = Release|Any CPU
		{1F64EBB0-AE8B-4A84-902F-C1A1569A76F0}.Release|Any CPU.Build.0 = Release|Any CPU
		{3A3272A4-52E9-4271-A06F-D060A5B12D43}.Debug|Any CPU.ActiveCfg = Debug|Any CPU
		{3A3272A4-52E9-4271-A06F-D060A5B12D43}.Debug|Any CPU.Build.0 = Debug|Any CPU
		{3A3272A4-52E9-4271-A06F-D060A5B12D43}.Release|Any CPU.ActiveCfg = Release|Any CPU
		{3A3272A4-52E9-4271-A06F-D060A5B12D43}.Release|Any CPU.Build.0 = Release|Any CPU
		{B62C37D6-7728-4B31-818D-3E96ACA0EF00}.Debug|Any CPU.ActiveCfg = Debug|Any CPU
		{B62C37D6-7728-4B31-818D-3E96ACA0EF00}.Debug|Any CPU.Build.0 = Debug|Any CPU
		{B62C37D6-7728-4B31-818D-3E96ACA0EF00}.Release|Any CPU.ActiveCfg = Release|Any CPU
		{B62C37D6-7728-4B31-818D-3E96ACA0EF00}.Release|Any CPU.Build.0 = Release|Any CPU
	EndGlobalSection
	GlobalSection(SolutionProperties) = preSolution
		HideSolutionNode = FALSE
	EndGlobalSection
	GlobalSection(ExtensibilityGlobals) = postSolution
		SolutionGuid = {76125E67-A1C4-423B-888F-658B5AD92B0F}
	EndGlobalSection
EndGlobal
